[[package]]
name = "numpy"
version = "1.22.2"
description = "NumPy is the fundamental package for array computing with Python."
category = "main"
optional = false
python-versions = ">=3.8"

[[package]]
name = "pick"
version = "1.2.0"
description = "Pick an option in the terminal with a simple GUI"
category = "main"
optional = false
python-versions = ">=3.6"

[package.dependencies]
windows-curses = {version = ">=2.2.0,<3.0.0", markers = "sys_platform == \"win32\""}

[[package]]
name = "windows-curses"
version = "2.3.0"
description = "Support for the standard curses module on Windows"
category = "main"
optional = false
python-versions = "*"

[metadata]
lock-version = "1.1"
python-versions = ">=3.8.0,<3.9"
content-hash = "13ac5b16fed4f8934afb9023def7d80c96eab279342f46c37ee1d14f23d4c55f"

[metadata.files]
numpy = [
    {file = "numpy-1.22.2-cp310-cp310-macosx_10_14_x86_64.whl", hash = "sha256:515a8b6edbb904594685da6e176ac9fbea8f73a5ebae947281de6613e27f1956"},
    {file = "numpy-1.22.2-cp310-cp310-macosx_11_0_arm64.whl", hash = "sha256:76a4f9bce0278becc2da7da3b8ef854bed41a991f4226911a24a9711baad672c"},
    {file = "numpy-1.22.2-cp310-cp310-manylinux_2_17_aarch64.manylinux2014_aarch64.whl", hash = "sha256:168259b1b184aa83a514f307352c25c56af111c269ffc109d9704e81f72e764b"},
    {file = "numpy-1.22.2-cp310-cp310-manylinux_2_17_x86_64.manylinux2014_x86_64.whl", hash = "sha256:3556c5550de40027d3121ebbb170f61bbe19eb639c7ad0c7b482cd9b560cd23b"},
    {file = "numpy-1.22.2-cp310-cp310-win_amd64.whl", hash = "sha256:aafa46b5a39a27aca566198d3312fb3bde95ce9677085efd02c86f7ef6be4ec7"},
    {file = "numpy-1.22.2-cp38-cp38-macosx_10_14_x86_64.whl", hash = "sha256:55535c7c2f61e2b2fc817c5cbe1af7cb907c7f011e46ae0a52caa4be1f19afe2"},
    {file = "numpy-1.22.2-cp38-cp38-macosx_11_0_arm64.whl", hash = "sha256:60cb8e5933193a3cc2912ee29ca331e9c15b2da034f76159b7abc520b3d1233a"},
    {file = "numpy-1.22.2-cp38-cp38-manylinux_2_17_aarch64.manylinux2014_aarch64.whl", hash = "sha256:0b536b6840e84c1c6a410f3a5aa727821e6108f3454d81a5cd5900999ef04f89"},
    {file = "numpy-1.22.2-cp38-cp38-manylinux_2_17_x86_64.manylinux2014_x86_64.whl", hash = "sha256:2638389562bda1635b564490d76713695ff497242a83d9b684d27bb4a6cc9d7a"},
    {file = "numpy-1.22.2-cp38-cp38-win32.whl", hash = "sha256:6767ad399e9327bfdbaa40871be4254d1995f4a3ca3806127f10cec778bd9896"},
    {file = "numpy-1.22.2-cp38-cp38-win_amd64.whl", hash = "sha256:03ae5850619abb34a879d5f2d4bb4dcd025d6d8fb72f5e461dae84edccfe129f"},
    {file = "numpy-1.22.2-cp39-cp39-macosx_10_14_x86_64.whl", hash = "sha256:d76a26c5118c4d96e264acc9e3242d72e1a2b92e739807b3b69d8d47684b6677"},
    {file = "numpy-1.22.2-cp39-cp39-macosx_11_0_arm64.whl", hash = "sha256:15efb7b93806d438e3bc590ca8ef2f953b0ce4f86f337ef4559d31ec6cf9d7dd"},
    {file = "numpy-1.22.2-cp39-cp39-manylinux_2_17_aarch64.manylinux2014_aarch64.whl", hash = "sha256:badca914580eb46385e7f7e4e426fea6de0a37b9e06bec252e481ae7ec287082"},
    {file = "numpy-1.22.2-cp39-cp39-manylinux_2_17_x86_64.manylinux2014_x86_64.whl", hash = "sha256:94dd11d9f13ea1be17bac39c1942f527cbf7065f94953cf62dfe805653da2f8f"},
    {file = "numpy-1.22.2-cp39-cp39-win32.whl", hash = "sha256:8cf33634b60c9cef346663a222d9841d3bbbc0a2f00221d6bcfd0d993d5543f6"},
    {file = "numpy-1.22.2-cp39-cp39-win_amd64.whl", hash = "sha256:59153979d60f5bfe9e4c00e401e24dfe0469ef8da6d68247439d3278f30a180f"},
    {file = "numpy-1.22.2-pp38-pypy38_pp73-manylinux_2_17_x86_64.manylinux2014_x86_64.whl", hash = "sha256:4a176959b6e7e00b5a0d6f549a479f869829bfd8150282c590deee6d099bbb6e"},
    {file = "numpy-1.22.2.zip", hash = "sha256:076aee5a3763d41da6bef9565fdf3cb987606f567cd8b104aded2b38b7b47abf"},
]
pick = [
    {file = "pick-1.2.0-py3-none-any.whl", hash = "sha256:faffd2ba4c5409d22cad366b4e8892fd26ebedcd4d3fd5e98562914279208da7"},
    {file = "pick-1.2.0.tar.gz", hash = "sha256:594f96c205d75bff889f4cee40d87fe50d2a477ff937c9cf6b3a9d4feb44e7f8"},
]
windows-curses = [
    {file = "windows_curses-2.3.0-cp310-cp310-win32.whl", hash = "sha256:a3a63a0597729e10f923724c2cf972a23ea677b400d2387dee1d668cf7116177"},
    {file = "windows_curses-2.3.0-cp310-cp310-win_amd64.whl", hash = "sha256:7a35eda4cb120b9e1a5ae795f3bc06c55b92c9d391baba6be1903285a05f3551"},
    {file = "windows_curses-2.3.0-cp36-cp36m-win32.whl", hash = "sha256:4d5fb991d1b90a41c2332f02241a1f84c8a1e6bc8f6e0d26f532d0da7a9f7b51"},
    {file = "windows_curses-2.3.0-cp36-cp36m-win_amd64.whl", hash = "sha256:170c0d941c2e0cdf864e7f0441c1bdf0709232bf4aa7ce7f54d90fc76a4c0504"},
    {file = "windows_curses-2.3.0-cp37-cp37m-win32.whl", hash = "sha256:d5cde8ec6d582aa77af791eca54f60858339fb3f391945f9cad11b1ab71062e3"},
    {file = "windows_curses-2.3.0-cp37-cp37m-win_amd64.whl", hash = "sha256:e913dc121446d92b33fe4f5bcca26d3a34e4ad19f2af160370d57c3d1e93b4e1"},
    {file = "windows_curses-2.3.0-cp38-cp38-win32.whl", hash = "sha256:fbc2131cec57e422c6660e6cdb3420aff5be5169b8e45bb7c471f884b0590a2b"},
    {file = "windows_curses-2.3.0-cp38-cp38-win_amd64.whl", hash = "sha256:cc5fa913780d60f4a40824d374a4f8ca45b4e205546e83a2d85147315a57457e"},
    {file = "windows_curses-2.3.0-cp39-cp39-win32.whl", hash = "sha256:935be95cfdb9213f6f5d3d5bcd489960e3a8fbc9b574e7b2e8a3a3cc46efff49"},
    {file = "windows_curses-2.3.0-cp39-cp39-win_amd64.whl", hash = "sha256:c860f596d28377e47f322b7382be4d3573fd76d1292234996bb7f72e0bc0ed0d"},
]
